
Microsoft Visual Studio Solution File, Format Version 12.00
# Visual Studio Version 16
VisualStudioVersion = 16.0.31624.102
MinimumVisualStudioVersion = 10.0.40219.1
Project("{FAE04EC0-301F-11D3-BF4B-00C04F79EFBC}") = "BibliotecaDeJogos", "BibliotecaDeJogos\BibliotecaDeJogos.csproj", "{8CFAEF3E-FBCD-4DBF-956D-65D80E5C29DB}"
EndProject
Global
	GlobalSection(SolutionConfigurationPlatforms) = preSolution
		Debug|Any CPU = Debug|Any CPU
		Release|Any CPU = Release|Any CPU
	EndGlobalSection
	GlobalSection(ProjectConfigurationPlatforms) = postSolution
		{8CFAEF3E-FBCD-4DBF-956D-65D80E5C29DB}.Debug|Any CPU.ActiveCfg = Debug|Any CPU
		{8CFAEF3E-FBCD-4DBF-956D-65D80E5C29DB}.Debug|Any CPU.Build.0 = Debug|Any CPU
		{8CFAEF3E-FBCD-4DBF-956D-65D80E5C29DB}.Release|Any CPU.ActiveCfg = Release|Any CPU
		{8CFAEF3E-FBCD-4DBF-956D-65D80E5C29DB}.Release|Any CPU.Build.0 = Release|Any CPU
	EndGlobalSection
	GlobalSection(SolutionProperties) = preSolution
		HideSolutionNode = FALSE
	EndGlobalSection
	GlobalSection(ExtensibilityGlobals) = postSolution
		SolutionGuid = {C1329D21-FE9F-4EDF-8875-73D47575BB48}
	EndGlobalSection
EndGlobal
